#MicroXplorer Configuration settings - do not modify
ADC1.Channel-0\#ChannelRegularConversion=ADC_CHANNEL_0
ADC1.Channel-2\#ChannelRegularConversion=ADC_CHANNEL_8
ADC1.Channel-3\#ChannelRegularConversion=ADC_CHANNEL_VREFINT
ADC1.ClockPrescaler=ADC_CLOCK_SYNC_PCLK_DIV6
ADC1.ContinuousConvMode=DISABLE
ADC1.DMAContinuousRequests=ENABLE
ADC1.ExternalTrigConv=ADC_EXTERNALTRIGCONV_T2_CC2
ADC1.ExternalTrigConvEdge=ADC_EXTERNALTRIGCONVEDGE_RISING
ADC1.IPParameters=Rank-0\#ChannelRegularConversion,master,Channel-0\#ChannelRegularConversion,SamplingTime-0\#ChannelRegularConversion,NbrOfConversionFlag,InjNumberOfConversion,ScanConvMode,NbrOfConversion,Rank-2\#ChannelRegularConversion,Channel-2\#ChannelRegularConversion,SamplingTime-2\#ChannelRegularConversion,Rank-3\#ChannelRegularConversion,Channel-3\#ChannelRegularConversion,SamplingTime-3\#ChannelRegularConversion,ClockPrescaler,DMAContinuousRequests,ExternalTrigConv,Mode,ExternalTrigConvEdge,ContinuousConvMode
ADC1.InjNumberOfConversion=0
ADC1.Mode=__NULL
ADC1.NbrOfConversion=3
ADC1.NbrOfConversionFlag=1
ADC1.Rank-0\#ChannelRegularConversion=1
ADC1.Rank-2\#ChannelRegularConversion=2
ADC1.Rank-3\#ChannelRegularConversion=3
ADC1.SamplingTime-0\#ChannelRegularConversion=ADC_SAMPLETIME_15CYCLES
ADC1.SamplingTime-2\#ChannelRegularConversion=ADC_SAMPLETIME_15CYCLES
ADC1.SamplingTime-3\#ChannelRegularConversion=ADC_SAMPLETIME_144CYCLES
ADC1.ScanConvMode=ENABLE
ADC1.master=1
ADC2.Channel-1\#ChannelRegularConversion=ADC_CHANNEL_1
ADC2.Channel-2\#ChannelRegularConversion=ADC_CHANNEL_9
ADC2.Channel-3\#ChannelRegularConversion=ADC_CHANNEL_6
ADC2.ClockPrescaler=ADC_CLOCK_SYNC_PCLK_DIV6
ADC2.DMAContinuousRequests=ENABLE
ADC2.ExternalTrigConv=ADC_EXTERNALTRIGCONV_T2_CC2
ADC2.IPParameters=Rank-1\#ChannelRegularConversion,Channel-1\#ChannelRegularConversion,SamplingTime-1\#ChannelRegularConversion,NbrOfConversionFlag,Rank-2\#ChannelRegularConversion,Channel-2\#ChannelRegularConversion,SamplingTime-2\#ChannelRegularConversion,Rank-3\#ChannelRegularConversion,Channel-3\#ChannelRegularConversion,SamplingTime-3\#ChannelRegularConversion,NbrOfConversion,InjNumberOfConversion,ClockPrescaler,DMAContinuousRequests,ExternalTrigConv
ADC2.InjNumberOfConversion=0
ADC2.NbrOfConversion=3
ADC2.NbrOfConversionFlag=1
ADC2.Rank-1\#ChannelRegularConversion=1
ADC2.Rank-2\#ChannelRegularConversion=2
ADC2.Rank-3\#ChannelRegularConversion=3
ADC2.SamplingTime-1\#ChannelRegularConversion=ADC_SAMPLETIME_15CYCLES
ADC2.SamplingTime-2\#ChannelRegularConversion=ADC_SAMPLETIME_15CYCLES
ADC2.SamplingTime-3\#ChannelRegularConversion=ADC_SAMPLETIME_15CYCLES
ADC3.Channel-0\#ChannelRegularConversion=ADC_CHANNEL_2
ADC3.Channel-1\#ChannelRegularConversion=ADC_CHANNEL_3
ADC3.Channel-2\#ChannelRegularConversion=ADC_CHANNEL_12
ADC3.ClockPrescaler=ADC_CLOCK_SYNC_PCLK_DIV6
ADC3.DMAContinuousRequests=ENABLE
ADC3.ExternalTrigConv=ADC_EXTERNALTRIGCONV_T2_CC2
ADC3.ExternalTrigConvEdge=ADC_EXTERNALTRIGCONVEDGE_RISING
ADC3.IPParameters=Rank-0\#ChannelRegularConversion,Channel-0\#ChannelRegularConversion,SamplingTime-0\#ChannelRegularConversion,NbrOfConversionFlag,ScanConvMode,Rank-1\#ChannelRegularConversion,Channel-1\#ChannelRegularConversion,SamplingTime-1\#ChannelRegularConversion,Rank-2\#ChannelRegularConversion,Channel-2\#ChannelRegularConversion,SamplingTime-2\#ChannelRegularConversion,NbrOfConversion,ClockPrescaler,DMAContinuousRequests,ExternalTrigConv,ExternalTrigConvEdge
ADC3.NbrOfConversion=3
ADC3.NbrOfConversionFlag=1
ADC3.Rank-0\#ChannelRegularConversion=1
ADC3.Rank-1\#ChannelRegularConversion=2
ADC3.Rank-2\#ChannelRegularConversion=3
ADC3.SamplingTime-0\#ChannelRegularConversion=ADC_SAMPLETIME_15CYCLES
ADC3.SamplingTime-1\#ChannelRegularConversion=ADC_SAMPLETIME_15CYCLES
ADC3.SamplingTime-2\#ChannelRegularConversion=ADC_SAMPLETIME_15CYCLES
ADC3.ScanConvMode=ENABLE
CAD.formats=
CAD.pinconfig=
CAD.provider=
CAN1.BS1=CAN_BS1_10TQ
CAN1.BS2=CAN_BS2_3TQ
CAN1.CalculateBaudRate=500000
CAN1.CalculateTimeBit=2000
CAN1.CalculateTimeQuantum=142.85714285714286
CAN1.IPParameters=CalculateTimeQuantum,CalculateTimeBit,CalculateBaudRate,BS1,Prescaler,BS2
CAN1.Prescaler=6
Dma.ADC1.0.Direction=DMA_PERIPH_TO_MEMORY
Dma.ADC1.0.FIFOMode=DMA_FIFOMODE_DISABLE
Dma.ADC1.0.Instance=DMA2_Stream4
Dma.ADC1.0.MemDataAlignment=DMA_MDATAALIGN_HALFWORD
Dma.ADC1.0.MemInc=DMA_MINC_ENABLE
Dma.ADC1.0.Mode=DMA_CIRCULAR
Dma.ADC1.0.PeriphDataAlignment=DMA_PDATAALIGN_HALFWORD
Dma.ADC1.0.PeriphInc=DMA_PINC_DISABLE
Dma.ADC1.0.Priority=DMA_PRIORITY_VERY_HIGH
Dma.ADC1.0.RequestParameters=Instance,Direction,PeriphInc,MemInc,PeriphDataAlignment,MemDataAlignment,Mode,Priority,FIFOMode
Dma.ADC2.2.Direction=DMA_PERIPH_TO_MEMORY
Dma.ADC2.2.FIFOMode=DMA_FIFOMODE_DISABLE
Dma.ADC2.2.Instance=DMA2_Stream2
Dma.ADC2.2.MemDataAlignment=DMA_MDATAALIGN_HALFWORD
Dma.ADC2.2.MemInc=DMA_MINC_ENABLE
Dma.ADC2.2.Mode=DMA_CIRCULAR
Dma.ADC2.2.PeriphDataAlignment=DMA_PDATAALIGN_HALFWORD
Dma.ADC2.2.PeriphInc=DMA_PINC_DISABLE
Dma.ADC2.2.Priority=DMA_PRIORITY_VERY_HIGH
Dma.ADC2.2.RequestParameters=Instance,Direction,PeriphInc,MemInc,PeriphDataAlignment,MemDataAlignment,Mode,Priority,FIFOMode
Dma.ADC3.1.Direction=DMA_PERIPH_TO_MEMORY
Dma.ADC3.1.FIFOMode=DMA_FIFOMODE_DISABLE
Dma.ADC3.1.Instance=DMA2_Stream1
Dma.ADC3.1.MemDataAlignment=DMA_MDATAALIGN_HALFWORD
Dma.ADC3.1.MemInc=DMA_MINC_ENABLE
Dma.ADC3.1.Mode=DMA_CIRCULAR
Dma.ADC3.1.PeriphDataAlignment=DMA_PDATAALIGN_HALFWORD
Dma.ADC3.1.PeriphInc=DMA_PINC_DISABLE
Dma.ADC3.1.Priority=DMA_PRIORITY_VERY_HIGH
Dma.ADC3.1.RequestParameters=Instance,Direction,PeriphInc,MemInc,PeriphDataAlignment,MemDataAlignment,Mode,Priority,FIFOMode
Dma.Request0=ADC1
Dma.Request1=ADC3
Dma.Request2=ADC2
Dma.RequestsNb=3
File.Version=6
GPIO.groupedBy=Group By Peripherals
KeepUserPlacement=false
Mcu.CPN=STM32F405RGT6
Mcu.Family=STM32F4
Mcu.IP0=ADC1
Mcu.IP1=ADC2
Mcu.IP10=TIM2
Mcu.IP11=TIM3
Mcu.IP12=TIM5
Mcu.IP13=USART6
Mcu.IP14=USB_OTG_FS
Mcu.IP2=ADC3
Mcu.IP3=CAN1
Mcu.IP4=DMA
Mcu.IP5=I2C2
Mcu.IP6=NVIC
Mcu.IP7=RCC
Mcu.IP8=SYS
Mcu.IP9=TIM1
Mcu.IPNb=15
Mcu.Name=STM32F405RGTx
Mcu.Package=LQFP64
Mcu.Pin0=PH0-OSC_IN
Mcu.Pin1=PH1-OSC_OUT
Mcu.Pin10=PA4
Mcu.Pin11=PA5
Mcu.Pin12=PA6
Mcu.Pin13=PC4
Mcu.Pin14=PC5
Mcu.Pin15=PB0
Mcu.Pin16=PB1
Mcu.Pin17=PB10
Mcu.Pin18=PB11
Mcu.Pin19=PB12
Mcu.Pin2=PC0
Mcu.Pin20=PB13
Mcu.Pin21=PB14
Mcu.Pin22=PB15
Mcu.Pin23=PC6
Mcu.Pin24=PC7
Mcu.Pin25=PA8
Mcu.Pin26=PA9
Mcu.Pin27=PA10
Mcu.Pin28=PA11
Mcu.Pin29=PA12
Mcu.Pin3=PC1
Mcu.Pin30=PA13
Mcu.Pin31=PA14
Mcu.Pin32=PC10
Mcu.Pin33=PC11
Mcu.Pin34=PC12
Mcu.Pin35=PB5
Mcu.Pin36=PB6
Mcu.Pin37=PB7
Mcu.Pin38=PB8
Mcu.Pin39=PB9
Mcu.Pin4=PC2
Mcu.Pin40=VP_ADC1_Vref_Input
Mcu.Pin41=VP_SYS_VS_Systick
Mcu.Pin42=VP_TIM1_VS_ClockSourceINT
Mcu.Pin43=VP_TIM2_VS_ControllerModeReset
Mcu.Pin44=VP_TIM2_VS_ClockSourceINT
Mcu.Pin45=VP_TIM2_VS_ClockSourceITR
Mcu.Pin46=VP_TIM2_VS_no_output2
Mcu.Pin47=VP_TIM3_VS_ClockSourceINT
Mcu.Pin48=VP_TIM5_VS_ClockSourceINT
Mcu.Pin5=PC3
Mcu.Pin6=PA0-WKUP
Mcu.Pin7=PA1
Mcu.Pin8=PA2
Mcu.Pin9=PA3
Mcu.PinsNb=49
Mcu.ThirdPartyNb=0
Mcu.UserConstants=
Mcu.UserName=STM32F405RGTx
MxCube.Version=6.15.0
MxDb.Version=DB.6.0.150
NVIC.BusFault_IRQn=true\:0\:0\:false\:false\:true\:false\:false\:false
NVIC.DMA2_Stream1_IRQn=true\:0\:0\:false\:false\:true\:false\:true\:true
NVIC.DMA2_Stream2_IRQn=true\:0\:0\:false\:false\:true\:false\:true\:true
NVIC.DMA2_Stream4_IRQn=true\:0\:0\:false\:false\:true\:false\:true\:true
NVIC.DebugMonitor_IRQn=true\:0\:0\:false\:false\:true\:false\:false\:false
NVIC.EXTI15_10_IRQn=true\:5\:0\:true\:false\:true\:true\:true\:true
NVIC.EXTI9_5_IRQn=true\:5\:0\:true\:false\:true\:true\:true\:true
NVIC.ForceEnableDMAVector=true
NVIC.HardFault_IRQn=true\:0\:0\:false\:false\:true\:false\:false\:false
NVIC.MemoryManagement_IRQn=true\:0\:0\:false\:false\:true\:false\:false\:false
NVIC.NonMaskableInt_IRQn=true\:0\:0\:false\:false\:true\:false\:false\:false
NVIC.PendSV_IRQn=true\:0\:0\:false\:false\:true\:false\:false\:false
NVIC.PriorityGroup=NVIC_PRIORITYGROUP_4
NVIC.SVCall_IRQn=true\:0\:0\:false\:false\:true\:false\:false\:false
NVIC.SysTick_IRQn=true\:15\:0\:false\:false\:true\:false\:true\:false
NVIC.USART6_IRQn=true\:0\:0\:false\:false\:true\:true\:true\:true
NVIC.UsageFault_IRQn=true\:0\:0\:false\:false\:true\:false\:false\:false
PA0-WKUP.GPIOParameters=GPIO_Label
PA0-WKUP.GPIO_Label=SENS3
PA0-WKUP.Locked=true
PA0-WKUP.Signal=SharedAnalog_PA0
PA1.GPIOParameters=GPIO_Label
PA1.GPIO_Label=SENS2
PA1.Locked=true
PA1.Signal=SharedAnalog_PA1
PA10.GPIOParameters=GPIO_Speed
PA10.GPIO_Speed=GPIO_SPEED_FREQ_VERY_HIGH
PA10.Locked=true
PA10.Signal=S_TIM1_CH3
PA11.Locked=true
PA11.Mode=Device_Only
PA11.Signal=USB_OTG_FS_DM
PA12.Locked=true
PA12.Mode=Device_Only
PA12.Signal=USB_OTG_FS_DP
PA13.Locked=true
PA13.Mode=Serial_Wire
PA13.Signal=SYS_JTMS-SWDIO
PA14.Locked=true
PA14.Mode=Serial_Wire
PA14.Signal=SYS_JTCK-SWCLK
PA2.GPIOParameters=GPIO_Label
PA2.GPIO_Label=SENS1
PA2.Locked=true
PA2.Signal=SharedAnalog_PA2
PA3.GPIOParameters=GPIO_Label
PA3.GPIO_Label=TEMP_MOSFET
PA3.Locked=true
PA3.Signal=SharedAnalog_PA3
PA4.Locked=true
PA4.Signal=SharedAnalog_PA4
PA5.GPIOParameters=GPIO_Label
PA5.GPIO_Label=ADC_EXT
PA5.Locked=true
PA5.Signal=SharedAnalog_PA5
PA6.GPIOParameters=GPIO_Label
PA6.GPIO_Label=ADC_EXT2
PA6.Locked=true
PA6.Signal=SharedAnalog_PA6
PA8.GPIOParameters=GPIO_Speed
PA8.GPIO_Speed=GPIO_SPEED_FREQ_VERY_HIGH
PA8.Locked=true
PA8.Signal=S_TIM1_CH1
PA9.GPIOParameters=GPIO_Speed
PA9.GPIO_Speed=GPIO_SPEED_FREQ_VERY_HIGH
PA9.Locked=true
PA9.Signal=S_TIM1_CH2
PB0.GPIOParameters=GPIO_Label
PB0.GPIO_Label=CURR2
PB0.Locked=true
PB0.Signal=SharedAnalog_PB0
PB1.GPIOParameters=GPIO_Label
PB1.GPIO_Label=CURR1
PB1.Locked=true
PB1.Signal=SharedAnalog_PB1
PB10.GPIOParameters=GPIO_Speed,GPIO_Pu
PB10.GPIO_Pu=GPIO_PULLUP
PB10.GPIO_Speed=GPIO_SPEED_FREQ_MEDIUM
PB10.Locked=true
PB10.Mode=I2C
PB10.Signal=I2C2_SCL
PB11.GPIOParameters=GPIO_Speed,GPIO_Pu
PB11.GPIO_Pu=GPIO_PULLUP
PB11.GPIO_Speed=GPIO_SPEED_FREQ_MEDIUM
PB11.Locked=true
PB11.Mode=I2C
PB11.Signal=I2C2_SDA
PB12.GPIOParameters=GPIO_Speed,GPIO_Label
PB12.GPIO_Label=DC_CAL
PB12.GPIO_Speed=GPIO_SPEED_FREQ_VERY_HIGH
PB12.Locked=true
PB12.Signal=GPIO_Output
PB13.GPIOParameters=GPIO_Speed
PB13.GPIO_Speed=GPIO_SPEED_FREQ_VERY_HIGH
PB13.Locked=true
PB13.Mode=PWM Generation1 CH1 CH1N
PB13.Signal=TIM1_CH1N
PB14.GPIOParameters=GPIO_Speed
PB14.GPIO_Speed=GPIO_SPEED_FREQ_VERY_HIGH
PB14.Locked=true
PB14.Mode=PWM Generation2 CH2 CH2N
PB14.Signal=TIM1_CH2N
PB15.GPIOParameters=GPIO_Speed
PB15.GPIO_Speed=GPIO_SPEED_FREQ_VERY_HIGH
PB15.Locked=true
PB15.Mode=PWM Generation3 CH3 CH3N
PB15.Signal=TIM1_CH3N
PB5.Locked=true
PB5.Signal=S_TIM3_CH2
PB6.GPIOParameters=GPIO_PuPd,GPIO_Label,GPIO_ModeDefaultEXTI
PB6.GPIO_Label=HALL1
PB6.GPIO_ModeDefaultEXTI=GPIO_MODE_IT_RISING_FALLING
PB6.GPIO_PuPd=GPIO_PULLUP
PB6.Locked=true
PB6.Signal=GPXTI6
PB7.GPIOParameters=GPIO_PuPd,GPIO_Label,GPIO_ModeDefaultEXTI
PB7.GPIO_Label=HALL2
PB7.GPIO_ModeDefaultEXTI=GPIO_MODE_IT_RISING_FALLING
PB7.GPIO_PuPd=GPIO_PULLUP
PB7.Locked=true
PB7.Signal=GPXTI7
PB8.Locked=true
PB8.Mode=CAN_Activate
PB8.Signal=CAN1_RX
PB9.Locked=true
PB9.Mode=CAN_Activate
PB9.Signal=CAN1_TX
PC0.GPIOParameters=GPIO_Label
PC0.GPIO_Label=TEMP_MOTOR
PC0.Locked=true
PC0.Signal=SharedAnalog_PC0
PC1.Locked=true
PC1.Signal=GPIO_Analog
PC10.GPIOParameters=GPIO_Speed,GPIO_Label
PC10.GPIO_Label=EN_GATE
PC10.GPIO_Speed=GPIO_SPEED_FREQ_VERY_HIGH
PC10.Locked=true
PC10.Signal=GPIO_Output
PC11.GPIOParameters=GPIO_PuPd,GPIO_Label,GPIO_ModeDefaultEXTI
PC11.GPIO_Label=HALL3
PC11.GPIO_ModeDefaultEXTI=GPIO_MODE_IT_RISING_FALLING
PC11.GPIO_PuPd=GPIO_PULLUP
PC11.Locked=true
PC11.Signal=GPXTI11
PC12.GPIOParameters=GPIO_PuPd,GPIO_Label
PC12.GPIO_Label=FAULT
PC12.GPIO_PuPd=GPIO_PULLUP
PC12.Locked=true
PC12.Signal=GPIO_Input
PC2.GPIOParameters=GPIO_Label
PC2.GPIO_Label=VIN_SENS
PC2.Locked=true
PC2.Signal=SharedAnalog_PC2
PC3.Locked=true
PC3.Signal=GPIO_Analog
PC4.GPIOParameters=GPIO_Speed,GPIO_Label
PC4.GPIO_Label=LED_GREEN
PC4.GPIO_Speed=GPIO_SPEED_FREQ_VERY_HIGH
PC4.Locked=true
PC4.Signal=GPIO_Output
PC5.GPIOParameters=GPIO_Speed,GPIO_Label
PC5.GPIO_Label=LED_RED
PC5.GPIO_Speed=GPIO_SPEED_FREQ_VERY_HIGH
PC5.Locked=true
PC5.Signal=GPIO_Output
PC6.Locked=true
PC6.Mode=Asynchronous
PC6.Signal=USART6_TX
PC7.Locked=true
PC7.Mode=Asynchronous
PC7.Signal=USART6_RX
PH0-OSC_IN.Mode=HSE-External-Oscillator
PH0-OSC_IN.Signal=RCC_OSC_IN
PH1-OSC_OUT.Mode=HSE-External-Oscillator
PH1-OSC_OUT.Signal=RCC_OSC_OUT
PinOutPanel.RotationAngle=0
ProjectManager.AskForMigrate=true
ProjectManager.BackupPrevious=false
ProjectManager.CompilerLinker=GCC
ProjectManager.CompilerOptimize=6
ProjectManager.ComputerToolchain=false
ProjectManager.CoupleFile=false
ProjectManager.CustomerFirmwarePackage=
ProjectManager.DefaultFWLocation=true
ProjectManager.DeletePrevious=true
ProjectManager.DeviceId=STM32F405RGTx
ProjectManager.FirmwarePackage=STM32Cube FW_F4 V1.28.3
ProjectManager.FreePins=false
ProjectManager.HalAssertFull=false
ProjectManager.HeapSize=0x200
ProjectManager.KeepUserCode=true
ProjectManager.LastFirmware=true
ProjectManager.LibraryCopy=1
ProjectManager.MainLocation=Core/Src
ProjectManager.NoMain=false
ProjectManager.PreviousToolchain=
ProjectManager.ProjectBuild=false
ProjectManager.ProjectFileName=SkripsiCek.ioc
ProjectManager.ProjectName=SkripsiCek
ProjectManager.ProjectStructure=
ProjectManager.RegisterCallBack=
ProjectManager.StackSize=0x400
ProjectManager.TargetToolchain=STM32CubeIDE
ProjectManager.ToolChainLocation=
ProjectManager.UAScriptAfterPath=
ProjectManager.UAScriptBeforePath=
ProjectManager.UnderRoot=true
ProjectManager.functionlistsort=1-SystemClock_Config-RCC-false-HAL-false,2-MX_GPIO_Init-GPIO-false-HAL-true,3-MX_DMA_Init-DMA-false-HAL-true,4-MX_ADC1_Init-ADC1-false-HAL-true,5-MX_ADC2_Init-ADC2-false-HAL-true,6-MX_ADC3_Init-ADC3-false-HAL-true,7-MX_CAN1_Init-CAN1-false-HAL-true,8-MX_I2C2_Init-I2C2-false-HAL-true,9-MX_TIM1_Init-TIM1-false-HAL-true,10-MX_TIM3_Init-TIM3-false-HAL-true,11-MX_USART6_UART_Init-USART6-false-HAL-true,12-MX_USB_OTG_FS_PCD_Init-USB_OTG_FS-false-HAL-true,13-MX_TIM2_Init-TIM2-false-HAL-true,14-MX_TIM5_Init-TIM5-false-HAL-true
RCC.48MHZClocksFreq_Value=48000000
RCC.AHBFreq_Value=168000000
RCC.APB1CLKDivider=RCC_HCLK_DIV4
RCC.APB1Freq_Value=42000000
RCC.APB1TimFreq_Value=84000000
RCC.APB2CLKDivider=RCC_HCLK_DIV2
RCC.APB2Freq_Value=84000000
RCC.APB2TimFreq_Value=168000000
RCC.CortexFreq_Value=168000000
RCC.EthernetFreq_Value=168000000
RCC.FCLKCortexFreq_Value=168000000
RCC.FamilyName=M
RCC.HCLKFreq_Value=168000000
RCC.HSE_VALUE=8000000
RCC.HSI_VALUE=16000000
RCC.I2SClocksFreq_Value=192000000
RCC.IPParameters=48MHZClocksFreq_Value,AHBFreq_Value,APB1CLKDivider,APB1Freq_Value,APB1TimFreq_Value,APB2CLKDivider,APB2Freq_Value,APB2TimFreq_Value,CortexFreq_Value,EthernetFreq_Value,FCLKCortexFreq_Value,FamilyName,HCLKFreq_Value,HSE_VALUE,HSI_VALUE,I2SClocksFreq_Value,LSE_VALUE,LSI_VALUE,MCO2PinFreq_Value,PLLCLKFreq_Value,PLLM,PLLN,PLLQ,PLLQCLKFreq_Value,RTCFreq_Value,RTCHSEDivFreq_Value,SYSCLKFreq_VALUE,SYSCLKSource,VCOI2SOutputFreq_Value,VCOInputFreq_Value,VCOOutputFreq_Value,VcooutputI2S
RCC.LSE_VALUE=32768
RCC.LSI_VALUE=32000
RCC.MCO2PinFreq_Value=168000000
RCC.PLLCLKFreq_Value=168000000
RCC.PLLM=4
RCC.PLLN=168
RCC.PLLQ=7
RCC.PLLQCLKFreq_Value=48000000
RCC.RTCFreq_Value=32000
RCC.RTCHSEDivFreq_Value=4000000
RCC.SYSCLKFreq_VALUE=168000000
RCC.SYSCLKSource=RCC_SYSCLKSOURCE_PLLCLK
RCC.VCOI2SOutputFreq_Value=384000000
RCC.VCOInputFreq_Value=2000000
RCC.VCOOutputFreq_Value=336000000
RCC.VcooutputI2S=192000000
SH.GPXTI11.0=GPIO_EXTI11
SH.GPXTI11.ConfNb=1
SH.GPXTI6.0=GPIO_EXTI6
SH.GPXTI6.ConfNb=1
SH.GPXTI7.0=GPIO_EXTI7
SH.GPXTI7.ConfNb=1
SH.S_TIM1_CH1.0=TIM1_CH1,PWM Generation1 CH1 CH1N
SH.S_TIM1_CH1.ConfNb=1
SH.S_TIM1_CH2.0=TIM1_CH2,PWM Generation2 CH2 CH2N
SH.S_TIM1_CH2.ConfNb=1
SH.S_TIM1_CH3.0=TIM1_CH3,PWM Generation3 CH3 CH3N
SH.S_TIM1_CH3.ConfNb=1
SH.S_TIM3_CH2.0=TIM3_CH2,Input_Capture2_from_TI2
SH.S_TIM3_CH2.ConfNb=1
SH.SharedAnalog_PA0.0=GPIO_Analog
SH.SharedAnalog_PA0.1=ADC1_IN0,IN0
SH.SharedAnalog_PA0.ConfNb=2
SH.SharedAnalog_PA1.0=GPIO_Analog
SH.SharedAnalog_PA1.1=ADC2_IN1,IN1
SH.SharedAnalog_PA1.ConfNb=2
SH.SharedAnalog_PA2.0=GPIO_Analog
SH.SharedAnalog_PA2.1=ADC3_IN2,IN2
SH.SharedAnalog_PA2.ConfNb=2
SH.SharedAnalog_PA3.0=GPIO_Analog
SH.SharedAnalog_PA3.1=ADC3_IN3,IN3
SH.SharedAnalog_PA3.ConfNb=2
SH.SharedAnalog_PA4.0=GPIO_Analog
SH.SharedAnalog_PA4.1=ADC1_IN4
SH.SharedAnalog_PA4.ConfNb=2
SH.SharedAnalog_PA5.0=GPIO_Analog
SH.SharedAnalog_PA5.1=ADC2_IN5
SH.SharedAnalog_PA5.ConfNb=2
SH.SharedAnalog_PA6.0=GPIO_Analog
SH.SharedAnalog_PA6.1=ADC2_IN6,IN6
SH.SharedAnalog_PA6.ConfNb=2
SH.SharedAnalog_PB0.0=GPIO_Analog
SH.SharedAnalog_PB0.1=ADC1_IN8,IN8
SH.SharedAnalog_PB0.ConfNb=2
SH.SharedAnalog_PB1.0=GPIO_Analog
SH.SharedAnalog_PB1.1=ADC2_IN9,IN9
SH.SharedAnalog_PB1.ConfNb=2
SH.SharedAnalog_PC0.0=GPIO_Analog
SH.SharedAnalog_PC0.1=ADC3_IN10
SH.SharedAnalog_PC0.ConfNb=2
SH.SharedAnalog_PC2.0=GPIO_Analog
SH.SharedAnalog_PC2.1=ADC3_IN12,IN12
SH.SharedAnalog_PC2.ConfNb=2
TIM1.AutoReloadPreload=TIM_AUTORELOAD_PRELOAD_ENABLE
TIM1.AutomaticOutput=TIM_AUTOMATICOUTPUT_DISABLE
TIM1.Channel-PWM\ Generation1\ CH1\ CH1N=TIM_CHANNEL_1
TIM1.Channel-PWM\ Generation2\ CH2\ CH2N=TIM_CHANNEL_2
TIM1.Channel-PWM\ Generation3\ CH3\ CH3N=TIM_CHANNEL_3
TIM1.CounterMode=TIM_COUNTERMODE_CENTERALIGNED1
TIM1.DeadTime=86
TIM1.IPParameters=Channel-PWM Generation1 CH1 CH1N,Channel-PWM Generation2 CH2 CH2N,Channel-PWM Generation3 CH3 CH3N,AutomaticOutput,AutoReloadPreload,Period,OffStateRunMode,DeadTime,Pulse-PWM Generation1 CH1 CH1N,Pulse-PWM Generation2 CH2 CH2N,Pulse-PWM Generation3 CH3 CH3N,CounterMode,TIM_MasterSlaveMode,TIM_MasterOutputTrigger,RepetitionCounter
TIM1.OffStateRunMode=TIM_OSSR_DISABLE
TIM1.Period=4199
TIM1.Pulse-PWM\ Generation1\ CH1\ CH1N=840
TIM1.Pulse-PWM\ Generation2\ CH2\ CH2N=840
TIM1.Pulse-PWM\ Generation3\ CH3\ CH3N=840
TIM1.RepetitionCounter=1
TIM1.TIM_MasterOutputTrigger=TIM_TRGO_UPDATE
TIM1.TIM_MasterSlaveMode=TIM_MASTERSLAVEMODE_ENABLE
TIM2.Channel-PWM\ Generation2\ No\ Output=TIM_CHANNEL_2
TIM2.IPParameters=TIM_MasterSlaveMode,Period,TIM_MasterOutputTrigger,Channel-PWM Generation2 No Output,OCMode_PWM-PWM Generation2 No Output,Pulse-PWM Generation2 No Output
TIM2.OCMode_PWM-PWM\ Generation2\ No\ Output=TIM_OCMODE_PWM2
TIM2.Period=4199
TIM2.Pulse-PWM\ Generation2\ No\ Output=1800
TIM2.TIM_MasterOutputTrigger=TIM_TRGO_OC2REF
TIM2.TIM_MasterSlaveMode=TIM_MASTERSLAVEMODE_DISABLE
TIM3.Channel-Input_Capture2_from_TI2=TIM_CHANNEL_2
TIM3.IPParameters=Channel-Input_Capture2_from_TI2,Prescaler
TIM3.Prescaler=83
TIM5.IPParameters=Prescaler
TIM5.Prescaler=83
USART6.IPParameters=VirtualMode
USART6.VirtualMode=VM_ASYNC
USB_OTG_FS.IPParameters=VirtualMode
USB_OTG_FS.VirtualMode=Device_Only
VP_ADC1_Vref_Input.Mode=IN-Vrefint
VP_ADC1_Vref_Input.Signal=ADC1_Vref_Input
VP_SYS_VS_Systick.Mode=SysTick
VP_SYS_VS_Systick.Signal=SYS_VS_Systick
VP_TIM1_VS_ClockSourceINT.Mode=Internal
VP_TIM1_VS_ClockSourceINT.Signal=TIM1_VS_ClockSourceINT
VP_TIM2_VS_ClockSourceINT.Mode=Internal
VP_TIM2_VS_ClockSourceINT.Signal=TIM2_VS_ClockSourceINT
VP_TIM2_VS_ClockSourceITR.Mode=TriggerSource_ITR0
VP_TIM2_VS_ClockSourceITR.Signal=TIM2_VS_ClockSourceITR
VP_TIM2_VS_ControllerModeReset.Mode=Reset Mode
VP_TIM2_VS_ControllerModeReset.Signal=TIM2_VS_ControllerModeReset
VP_TIM2_VS_no_output2.Mode=PWM Generation2 No Output
VP_TIM2_VS_no_output2.Signal=TIM2_VS_no_output2
VP_TIM3_VS_ClockSourceINT.Mode=Internal
VP_TIM3_VS_ClockSourceINT.Signal=TIM3_VS_ClockSourceINT
VP_TIM5_VS_ClockSourceINT.Mode=Internal
VP_TIM5_VS_ClockSourceINT.Signal=TIM5_VS_ClockSourceINT
board=custom
isbadioc=false
